
Microsoft Visual Studio Solution File, Format Version 12.00
# Visual Studio Version 16
VisualStudioVersion = 16.0.31105.61
MinimumVisualStudioVersion = 10.0.40219.1
Project("{FAE04EC0-301F-11D3-BF4B-00C04F79EFBC}") = "Controlpad", "Controlpad\Controlpad.csproj", "{858FA0FF-2D91-4D30-B9C8-F162EB4CA505}"
EndProject
Project("{2150E333-8FDC-42A3-9474-1A3956D46DE8}") = "Solution Items", "Solution Items", "{905A88F3-9AC0-444B-8B0A-2C81E5852EE4}"
	ProjectSection(SolutionItems) = preProject
		.editorconfig = .editorconfig
	EndProjectSection
EndProject
Global
	GlobalSection(SolutionConfigurationPlatforms) = preSolution
		Debug|Any CPU = Debug|Any CPU
		Release|Any CPU = Release|Any CPU
	EndGlobalSection
	GlobalSection(ProjectConfigurationPlatforms) = postSolution
		{858FA0FF-2D91-4D30-B9C8-F162EB4CA505}.Debug|Any CPU.ActiveCfg = Debug|Any CPU
		{858FA0FF-2D91-4D30-B9C8-F162EB4CA505}.Debug|Any CPU.Build.0 = Debug|Any CPU
		{858FA0FF-2D91-4D30-B9C8-F162EB4CA505}.Release|Any CPU.ActiveCfg = Release|Any CPU
		{858FA0FF-2D91-4D30-B9C8-F162EB4CA505}.Release|Any CPU.Build.0 = Release|Any CPU
	EndGlobalSection
	GlobalSection(SolutionProperties) = preSolution
		HideSolutionNode = FALSE
	EndGlobalSection
	GlobalSection(ExtensibilityGlobals) = postSolution
		SolutionGuid = {D0C797AD-69F5-4CF2-9819-A8E825AAC080}
	EndGlobalSection
EndGlobal
